// !$*UTF8*$!
{
	archiveVersion = 1;
	classes = {
	};
	objectVersion = 46;
	objects = {

/* Begin PBXBuildFile section */
		455E294317037684004721CC /* UIKit.framework in Frameworks */ = {isa = PBXBuildFile; fileRef = 455E294217037684004721CC /* UIKit.framework */; };
		455E294517037684004721CC /* Foundation.framework in Frameworks */ = {isa = PBXBuildFile; fileRef = 455E294417037684004721CC /* Foundation.framework */; };
		455E294717037684004721CC /* CoreGraphics.framework in Frameworks */ = {isa = PBXBuildFile; fileRef = 455E294617037684004721CC /* CoreGraphics.framework */; };
		455E294D17037684004721CC /* InfoPlist.strings in Resources */ = {isa = PBXBuildFile; fileRef = 455E294B17037684004721CC /* InfoPlist.strings */; };
		455E294F17037684004721CC /* main.m in Sources */ = {isa = PBXBuildFile; fileRef = 455E294E17037684004721CC /* main.m */; };
		455E295317037684004721CC /* TEAppDelegate.m in Sources */ = {isa = PBXBuildFile; fileRef = 455E295217037684004721CC /* TEAppDelegate.m */; };
		455E295517037684004721CC /* Default.png in Resources */ = {isa = PBXBuildFile; fileRef = 455E295417037684004721CC /* Default.png */; };
		455E295717037684004721CC /* Default@2x.png in Resources */ = {isa = PBXBuildFile; fileRef = 455E295617037684004721CC /* Default@2x.png */; };
		455E295917037684004721CC /* Default-568h@2x.png in Resources */ = {isa = PBXBuildFile; fileRef = 455E295817037684004721CC /* Default-568h@2x.png */; };
		455E295C17037684004721CC /* TEViewController.m in Sources */ = {isa = PBXBuildFile; fileRef = 455E295B17037684004721CC /* TEViewController.m */; };
		455E295F17037684004721CC /* TEViewController.xib in Resources */ = {isa = PBXBuildFile; fileRef = 455E295D17037684004721CC /* TEViewController.xib */; };
		455E296617045E26004721CC /* remove.png in Resources */ = {isa = PBXBuildFile; fileRef = 455E296517045E26004721CC /* remove.png */; };
		455E296817046128004721CC /* sample.jpg in Resources */ = {isa = PBXBuildFile; fileRef = 455E296717046128004721CC /* sample.jpg */; };
		455E296A170479EC004721CC /* QuartzCore.framework in Frameworks */ = {isa = PBXBuildFile; fileRef = 455E2969170479EC004721CC /* QuartzCore.framework */; };
/* End PBXBuildFile section */

/* Begin PBXFileReference section */
		455E293F17037684004721CC /* Instagrate.app */ = {isa = PBXFileReference; explicitFileType = wrapper.application; includeInIndex = 0; path = Instagrate.app; sourceTree = BUILT_PRODUCTS_DIR; };
		455E294217037684004721CC /* UIKit.framework */ = {isa = PBXFileReference; lastKnownFileType = wrapper.framework; name = UIKit.framework; path = System/Library/Frameworks/UIKit.framework; sourceTree = SDKROOT; };
		455E294417037684004721CC /* Foundation.framework */ = {isa = PBXFileReference; lastKnownFileType = wrapper.framework; name = Foundation.framework; path = System/Library/Frameworks/Foundation.framework; sourceTree = SDKROOT; };
		455E294617037684004721CC /* CoreGraphics.framework */ = {isa = PBXFileReference; lastKnownFileType = wrapper.framework; name = CoreGraphics.framework; path = System/Library/Frameworks/CoreGraphics.framework; sourceTree = SDKROOT; };
		455E294A17037684004721CC /* Instagrate-Info.plist */ = {isa = PBXFileReference; lastKnownFileType = text.plist.xml; path = "Instagrate-Info.plist"; sourceTree = "<group>"; };
		455E294C17037684004721CC /* en */ = {isa = PBXFileReference; lastKnownFileType = text.plist.strings; name = en; path = en.lproj/InfoPlist.strings; sourceTree = "<group>"; };
		455E294E17037684004721CC /* main.m */ = {isa = PBXFileReference; lastKnownFileType = sourcecode.c.objc; path = main.m; sourceTree = "<group>"; };
		455E295017037684004721CC /* Instagrate-Prefix.pch */ = {isa = PBXFileReference; lastKnownFileType = sourcecode.c.h; path = "Instagrate-Prefix.pch"; sourceTree = "<group>"; };
		455E295117037684004721CC /* TEAppDelegate.h */ = {isa = PBXFileReference; lastKnownFileType = sourcecode.c.h; path = TEAppDelegate.h; sourceTree = "<group>"; };
		455E295217037684004721CC /* TEAppDelegate.m */ = {isa = PBXFileReference; lastKnownFileType = sourcecode.c.objc; path = TEAppDelegate.m; sourceTree = "<group>"; };
		455E295417037684004721CC /* Default.png */ = {isa = PBXFileReference; lastKnownFileType = image.png; path = Default.png; sourceTree = "<group>"; };
		455E295617037684004721CC /* Default@2x.png */ = {isa = PBXFileReference; lastKnownFileType = image.png; path = "Default@2x.png"; sourceTree = "<group>"; };
		455E295817037684004721CC /* Default-568h@2x.png */ = {isa = PBXFileReference; lastKnownFileType = image.png; path = "Default-568h@2x.png"; sourceTree = "<group>"; };
		455E295A17037684004721CC /* TEViewController.h */ = {isa = PBXFileReference; lastKnownFileType = sourcecode.c.h; path = TEViewController.h; sourceTree = "<group>"; };
		455E295B17037684004721CC /* TEViewController.m */ = {isa = PBXFileReference; lastKnownFileType = sourcecode.c.objc; path = TEViewController.m; sourceTree = "<group>"; };
		455E295E17037684004721CC /* en */ = {isa = PBXFileReference; lastKnownFileType = file.xib; name = en; path = en.lproj/TEViewController.xib; sourceTree = "<group>"; };
		455E296517045E26004721CC /* remove.png */ = {isa = PBXFileReference; lastKnownFileType = image.png; path = remove.png; sourceTree = "<group>"; };
		455E296717046128004721CC /* sample.jpg */ = {isa = PBXFileReference; lastKnownFileType = image.jpeg; path = sample.jpg; sourceTree = "<group>"; };
		455E2969170479EC004721CC /* QuartzCore.framework */ = {isa = PBXFileReference; lastKnownFileType = wrapper.framework; name = QuartzCore.framework; path = System/Library/Frameworks/QuartzCore.framework; sourceTree = SDKROOT; };
/* End PBXFileReference section */

/* Begin PBXFrameworksBuildPhase section */
		455E293C17037684004721CC /* Frameworks */ = {
			isa = PBXFrameworksBuildPhase;
			buildActionMask = 2147483647;
			files = (
				455E296A170479EC004721CC /* QuartzCore.framework in Frameworks */,
				455E294317037684004721CC /* UIKit.framework in Frameworks */,
				455E294517037684004721CC /* Foundation.framework in Frameworks */,
				455E294717037684004721CC /* CoreGraphics.framework in Frameworks */,
			);
			runOnlyForDeploymentPostprocessing = 0;
		};
/* End PBXFrameworksBuildPhase section */

/* Begin PBXGroup section */
		455E293617037684004721CC = {
			isa = PBXGroup;
			children = (
				455E294817037684004721CC /* Instagrate */,
				455E294117037684004721CC /* Frameworks */,
				455E294017037684004721CC /* Products */,
			);
			sourceTree = "<group>";
		};
		455E294017037684004721CC /* Products */ = {
			isa = PBXGroup;
			children = (
				455E293F17037684004721CC /* Instagrate.app */,
			);
			name = Products;
			sourceTree = "<group>";
		};
		455E294117037684004721CC /* Frameworks */ = {
			isa = PBXGroup;
			children = (
				455E2969170479EC004721CC /* QuartzCore.framework */,
				455E294217037684004721CC /* UIKit.framework */,
				455E294417037684004721CC /* Foundation.framework */,
				455E294617037684004721CC /* CoreGraphics.framework */,
			);
			name = Frameworks;
			sourceTree = "<group>";
		};
		455E294817037684004721CC /* Instagrate */ = {
			isa = PBXGroup;
			children = (
				455E295117037684004721CC /* TEAppDelegate.h */,
				455E295217037684004721CC /* TEAppDelegate.m */,
				455E295A17037684004721CC /* TEViewController.h */,
				455E295B17037684004721CC /* TEViewController.m */,
				455E295D17037684004721CC /* TEViewController.xib */,
				455E294917037684004721CC /* Supporting Files */,
			);
			path = Instagrate;
			sourceTree = "<group>";
		};
		455E294917037684004721CC /* Supporting Files */ = {
			isa = PBXGroup;
			children = (
				455E296717046128004721CC /* sample.jpg */,
				455E296517045E26004721CC /* remove.png */,
				455E294A17037684004721CC /* Instagrate-Info.plist */,
				455E294B17037684004721CC /* InfoPlist.strings */,
				455E294E17037684004721CC /* main.m */,
				455E295017037684004721CC /* Instagrate-Prefix.pch */,
				455E295417037684004721CC /* Default.png */,
				455E295617037684004721CC /* Default@2x.png */,
				455E295817037684004721CC /* Default-568h@2x.png */,
			);
			name = "Supporting Files";
			sourceTree = "<group>";
		};
/* End PBXGroup section */

/* Begin PBXNativeTarget section */
		455E293E17037684004721CC /* Instagrate */ = {
			isa = PBXNativeTarget;
			buildConfigurationList = 455E296217037684004721CC /* Build configuration list for PBXNativeTarget "Instagrate" */;
			buildPhases = (
				455E293B17037684004721CC /* Sources */,
				455E293C17037684004721CC /* Frameworks */,
				455E293D17037684004721CC /* Resources */,
			);
			buildRules = (
			);
			dependencies = (
			);
			name = Instagrate;
			productName = Instagrate;
			productReference = 455E293F17037684004721CC /* Instagrate.app */;
			productType = "com.apple.product-type.application";
		};
/* End PBXNativeTarget section */

/* Begin PBXProject section */
		455E293717037684004721CC /* Project object */ = {
			isa = PBXProject;
			attributes = {
				CLASSPREFIX = TE;
				LastUpgradeCheck = 0460;
				ORGANIZATIONNAME = "Tom Elliott";
			};
			buildConfigurationList = 455E293A17037684004721CC /* Build configuration list for PBXProject "Instagrate" */;
			compatibilityVersion = "Xcode 3.2";
			developmentRegion = English;
			hasScannedForEncodings = 0;
			knownRegions = (
				en,
			);
			mainGroup = 455E293617037684004721CC;
			productRefGroup = 455E294017037684004721CC /* Products */;
			projectDirPath = "";
			projectRoot = "";
			targets = (
				455E293E17037684004721CC /* Instagrate */,
			);
		};
/* End PBXProject section */

/* Begin PBXResourcesBuildPhase section */
		455E293D17037684004721CC /* Resources */ = {
			isa = PBXResourcesBuildPhase;
			buildActionMask = 2147483647;
			files = (
				455E294D17037684004721CC /* InfoPlist.strings in Resources */,
				455E295517037684004721CC /* Default.png in Resources */,
				455E295717037684004721CC /* Default@2x.png in Resources */,
				455E295917037684004721CC /* Default-568h@2x.png in Resources */,
				455E295F17037684004721CC /* TEViewController.xib in Resources */,
				455E296617045E26004721CC /* remove.png in Resources */,
				455E296817046128004721CC /* sample.jpg in Resources */,
			);
			runOnlyForDeploymentPostprocessing = 0;
		};
/* End PBXResourcesBuildPhase section */

/* Begin PBXSourcesBuildPhase section */
		455E293B17037684004721CC /* Sources */ = {
			isa = PBXSourcesBuildPhase;
			buildActionMask = 2147483647;
			files = (
				455E294F17037684004721CC /* main.m in Sources */,
				455E295317037684004721CC /* TEAppDelegate.m in Sources */,
				455E295C17037684004721CC /* TEViewController.m in Sources */,
			);
			runOnlyForDeploymentPostprocessing = 0;
		};
/* End PBXSourcesBuildPhase section */

/* Begin PBXVariantGroup section */
		455E294B17037684004721CC /* InfoPlist.strings */ = {
			isa = PBXVariantGroup;
			children = (
				455E294C17037684004721CC /* en */,
			);
			name = InfoPlist.strings;
			sourceTree = "<group>";
		};
		455E295D17037684004721CC /* TEViewController.xib */ = {
			isa = PBXVariantGroup;
			children = (
				455E295E17037684004721CC /* en */,
			);
			name = TEViewController.xib;
			sourceTree = "<group>";
		};
/* End PBXVariantGroup section */

/* Begin XCBuildConfiguration section */
		455E296017037684004721CC /* Debug */ = {
			isa = XCBuildConfiguration;
			buildSettings = {
				ALWAYS_SEARCH_USER_PATHS = NO;
				CLANG_CXX_LANGUAGE_STANDARD = "gnu++0x";
				CLANG_CXX_LIBRARY = "libc++";
				CLANG_ENABLE_OBJC_ARC = YES;
				CLANG_WARN_CONSTANT_CONVERSION = YES;
				CLANG_WARN_EMPTY_BODY = YES;
				CLANG_WARN_ENUM_CONVERSION = YES;
				CLANG_WARN_INT_CONVERSION = YES;
				CLANG_WARN__DUPLICATE_METHOD_MATCH = YES;
				"CODE_SIGN_IDENTITY[sdk=iphoneos*]" = "iPhone Developer";
				COPY_PHASE_STRIP = NO;
				GCC_C_LANGUAGE_STANDARD = gnu99;
				GCC_DYNAMIC_NO_PIC = NO;
				GCC_OPTIMIZATION_LEVEL = 0;
				GCC_PREPROCESSOR_DEFINITIONS = (
					"DEBUG=1",
					"$(inherited)",
				);
				GCC_SYMBOLS_PRIVATE_EXTERN = NO;
				GCC_WARN_ABOUT_RETURN_TYPE = YES;
				GCC_WARN_UNINITIALIZED_AUTOS = YES;
				GCC_WARN_UNUSED_VARIABLE = YES;
				IPHONEOS_DEPLOYMENT_TARGET = 6.1;
				ONLY_ACTIVE_ARCH = YES;
				SDKROOT = iphoneos;
			};
			name = Debug;
		};
		455E296117037684004721CC /* Release */ = {
			isa = XCBuildConfiguration;
			buildSettings = {
				ALWAYS_SEARCH_USER_PATHS = NO;
				CLANG_CXX_LANGUAGE_STANDARD = "gnu++0x";
				CLANG_CXX_LIBRARY = "libc++";
				CLANG_ENABLE_OBJC_ARC = YES;
				CLANG_WARN_CONSTANT_CONVERSION = YES;
				CLANG_WARN_EMPTY_BODY = YES;
				CLANG_WARN_ENUM_CONVERSION = YES;
				CLANG_WARN_INT_CONVERSION = YES;
				CLANG_WARN__DUPLICATE_METHOD_MATCH = YES;
				"CODE_SIGN_IDENTITY[sdk=iphoneos*]" = "iPhone Developer";
				COPY_PHASE_STRIP = YES;
				GCC_C_LANGUAGE_STANDARD = gnu99;
				GCC_WARN_ABOUT_RETURN_TYPE = YES;
				GCC_WARN_UNINITIALIZED_AUTOS = YES;
				GCC_WARN_UNUSED_VARIABLE = YES;
				IPHONEOS_DEPLOYMENT_TARGET = 6.1;
				OTHER_CFLAGS = "-DNS_BLOCK_ASSERTIONS=1";
				SDKROOT = iphoneos;
				VALIDATE_PRODUCT = YES;
			};
			name = Release;
		};
		455E296317037684004721CC /* Debug */ = {
			isa = XCBuildConfiguration;
			buildSettings = {
				GCC_PRECOMPILE_PREFIX_HEADER = YES;
				GCC_PREFIX_HEADER = "Instagrate/Instagrate-Prefix.pch";
				INFOPLIST_FILE = "Instagrate/Instagrate-Info.plist";
				IPHONEOS_DEPLOYMENT_TARGET = 6.0;
				PRODUCT_NAME = "$(TARGET_NAME)";
				WRAPPER_EXTENSION = app;
			};
			name = Debug;
		};
		455E296417037684004721CC /* Release */ = {
			isa = XCBuildConfiguration;
			buildSettings = {
				GCC_PRECOMPILE_PREFIX_HEADER = YES;
				GCC_PREFIX_HEADER = "Instagrate/Instagrate-Prefix.pch";
				INFOPLIST_FILE = "Instagrate/Instagrate-Info.plist";
				IPHONEOS_DEPLOYMENT_TARGET = 6.0;
				PRODUCT_NAME = "$(TARGET_NAME)";
				WRAPPER_EXTENSION = app;
			};
			name = Release;
		};
/* End XCBuildConfiguration section */

/* Begin XCConfigurationList section */
		455E293A17037684004721CC /* Build configuration list for PBXProject "Instagrate" */ = {
			isa = XCConfigurationList;
			buildConfigurations = (
				455E296017037684004721CC /* Debug */,
				455E296117037684004721CC /* Release */,
			);
			defaultConfigurationIsVisible = 0;
			defaultConfigurationName = Release;
		};
		455E296217037684004721CC /* Build configuration list for PBXNativeTarget "Instagrate" */ = {
			isa = XCConfigurationList;
			buildConfigurations = (
				455E296317037684004721CC /* Debug */,
				455E296417037684004721CC /* Release */,
			);
			defaultConfigurationIsVisible = 0;
		};
/* End XCConfigurationList section */
	};
	rootObject = 455E293717037684004721CC /* Project object */;
}
